
Microsoft Visual Studio Solution File, Format Version 12.00
# Visual Studio Version 16
VisualStudioVersion = 16.0.30804.86
MinimumVisualStudioVersion = 10.0.40219.1
Project("{8BC9CEB8-8B4A-11D0-8D11-00A0C91BC942}") = "BlackjackV2", "BlackjackV2\BlackjackV2.vcxproj", "{EC238E1B-7837-4366-96DB-427EF97DBD36}"
EndProject
Global
	GlobalSection(SolutionConfigurationPlatforms) = preSolution
		Debug|x64 = Debug|x64
		Debug|x86 = Debug|x86
		Release|x64 = Release|x64
		Release|x86 = Release|x86
	EndGlobalSection
	GlobalSection(ProjectConfigurationPlatforms) = postSolution
		{EC238E1B-7837-4366-96DB-427EF97DBD36}.Debug|x64.ActiveCfg = Debug|x64
		{EC238E1B-7837-4366-96DB-427EF97DBD36}.Debug|x64.Build.0 = Debug|x64
		{EC238E1B-7837-4366-96DB-427EF97DBD36}.Debug|x86.ActiveCfg = Debug|Win32
		{EC238E1B-7837-4366-96DB-427EF97DBD36}.Debug|x86.Build.0 = Debug|Win32
		{EC238E1B-7837-4366-96DB-427EF97DBD36}.Release|x64.ActiveCfg = Release|x64
		{EC238E1B-7837-4366-96DB-427EF97DBD36}.Release|x64.Build.0 = Release|x64
		{EC238E1B-7837-4366-96DB-427EF97DBD36}.Release|x86.ActiveCfg = Release|Win32
		{EC238E1B-7837-4366-96DB-427EF97DBD36}.Release|x86.Build.0 = Release|Win32
	EndGlobalSection
	GlobalSection(SolutionProperties) = preSolution
		HideSolutionNode = FALSE
	EndGlobalSection
	GlobalSection(ExtensibilityGlobals) = postSolution
		SolutionGuid = {729A33E1-30E9-45DE-BB49-FC91D4C9FC1A}
	EndGlobalSection
EndGlobal
